
Microsoft Visual Studio Solution File, Format Version 12.00
# Visual Studio Version 16
VisualStudioVersion = 16.0.29418.71
MinimumVisualStudioVersion = 10.0.40219.1
Project("{FAE04EC0-301F-11D3-BF4B-00C04F79EFBC}") = "ConcertsTracker", "ConcertsTracker\ConcertsTracker.csproj", "{FC1A387D-43D9-4AEF-B6B2-965226F74D7D}"
EndProject
Global
	GlobalSection(SolutionConfigurationPlatforms) = preSolution
		Debug|Any CPU = Debug|Any CPU
		Release|Any CPU = Release|Any CPU
	EndGlobalSection
	GlobalSection(ProjectConfigurationPlatforms) = postSolution
		{FC1A387D-43D9-4AEF-B6B2-965226F74D7D}.Debug|Any CPU.ActiveCfg = Debug|Any CPU
		{FC1A387D-43D9-4AEF-B6B2-965226F74D7D}.Debug|Any CPU.Build.0 = Debug|Any CPU
		{FC1A387D-43D9-4AEF-B6B2-965226F74D7D}.Release|Any CPU.ActiveCfg = Release|Any CPU
		{FC1A387D-43D9-4AEF-B6B2-965226F74D7D}.Release|Any CPU.Build.0 = Release|Any CPU
	EndGlobalSection
	GlobalSection(SolutionProperties) = preSolution
		HideSolutionNode = FALSE
	EndGlobalSection
	GlobalSection(ExtensibilityGlobals) = postSolution
		SolutionGuid = {9868E53B-63C7-435C-925A-2C869F9D9B4E}
	EndGlobalSection
EndGlobal
